
Microsoft Visual Studio Solution File, Format Version 12.00
# Visual Studio Version 17
VisualStudioVersion = 17.6.33723.286
MinimumVisualStudioVersion = 10.0.40219.1
Project("{FAE04EC0-301F-11D3-BF4B-00C04F79EFBC}") = "Ball_Game", "HW2_2\Ball_Game.csproj", "{DB85C1A4-CC14-4279-BDD2-0EC2236E93E6}"
EndProject
Global
	GlobalSection(SolutionConfigurationPlatforms) = preSolution
		Debug|Any CPU = Debug|Any CPU
		Release|Any CPU = Release|Any CPU
	EndGlobalSection
	GlobalSection(ProjectConfigurationPlatforms) = postSolution
		{DB85C1A4-CC14-4279-BDD2-0EC2236E93E6}.Debug|Any CPU.ActiveCfg = Debug|Any CPU
		{DB85C1A4-CC14-4279-BDD2-0EC2236E93E6}.Debug|Any CPU.Build.0 = Debug|Any CPU
		{DB85C1A4-CC14-4279-BDD2-0EC2236E93E6}.Release|Any CPU.ActiveCfg = Release|Any CPU
		{DB85C1A4-CC14-4279-BDD2-0EC2236E93E6}.Release|Any CPU.Build.0 = Release|Any CPU
	EndGlobalSection
	GlobalSection(SolutionProperties) = preSolution
		HideSolutionNode = FALSE
	EndGlobalSection
	GlobalSection(ExtensibilityGlobals) = postSolution
		SolutionGuid = {D4FBAE25-8E84-4D47-95C0-3F7475B1C22D}
	EndGlobalSection
EndGlobal
